<?xml version="1.0" encoding="utf-8"?>
<Project ToolsVersion="4.0" xmlns="http://schemas.microsoft.com/developer/msbuild/2003">
  <ItemGroup>
    <Filter Include="Source Files">
      <UniqueIdentifier>{4FC737F1-C7A5-4376-A066-2A32D752A2FF}</UniqueIdentifier>
      <Extensions>cpp;c;cc;cxx;c++;def;odl;idl;hpj;bat;asm;asmx</Extensions>
    </Filter>
    <Filter Include="Header Files">
      <UniqueIdentifier>{93995380-89BD-4b04-88EB-625FBE52EBFB}</UniqueIdentifier>
      <Extensions>h;hh;hpp;hxx;h++;hm;inl;inc;ipp;xsd</Extensions>
    </Filter>
    <Filter Include="Resource Files">
      <UniqueIdentifier>{67DA6AB6-F800-4c08-8B7A-83BB121AAD01}</UniqueIdentifier>
      <Extensions>rc;ico;cur;bmp;dlg;rc2;rct;bin;rgs;gif;jpg;jpeg;jpe;resx;tiff;tif;png;wav;mfcribbon-ms</Extensions>
    </Filter>
    <Filter Include="Header Files\2022">
      <UniqueIdentifier>{3a496a1c-9579-40f9-85cb-db51e4093828}</UniqueIdentifier>
    </Filter>
    <Filter Include="Source Files\2022">
      <UniqueIdentifier>{ddd2f98d-bbfe-4ba7-8aef-615014db9c8e}</UniqueIdentifier>
    </Filter>
    <Filter Include="Input">
      <UniqueIdentifier>{01af07de-32e0-4e77-a750-e9e9f4a742a3}</UniqueIdentifier>
    </Filter>
    <Filter Include="Input\2022">
      <UniqueIdentifier>{dc72bd25-11a6-4418-a101-3edb503e5fbc}</UniqueIdentifier>
    </Filter>
  </ItemGroup>
  <ItemGroup>
    <ClCompile Include="Day.cpp">
      <Filter>Source Files</Filter>
    </ClCompile>
    <ClCompile Include="InputExtractor.cpp">
      <Filter>Source Files</Filter>
    </ClCompile>
    <ClCompile Include="CalenderDay.h">
      <Filter>Header Files</Filter>
    </ClCompile>
    <ClCompile Include="DayNone.cpp">
      <Filter>Source Files</Filter>
    </ClCompile>
    <ClCompile Include="RegularExpressions.cpp">
      <Filter>Source Files</Filter>
    </ClCompile>
    <ClCompile Include="Main.cpp">
      <Filter>Source Files</Filter>
    </ClCompile>
    <ClCompile Include="2022\Day01_2022.cpp">
      <Filter>Source Files\2022</Filter>
    </ClCompile>
    <ClCompile Include="2022\Day02_2022.cpp">
      <Filter>Source Files\2022</Filter>
    </ClCompile>
    <ClCompile Include="2022\Day03_2022.cpp">
      <Filter>Source Files\2022</Filter>
    </ClCompile>
    <ClCompile Include="2022\Day04_2022.cpp">
      <Filter>Source Files\2022</Filter>
    </ClCompile>
    <ClCompile Include="2022\Day05_2022.cpp">
      <Filter>Source Files\2022</Filter>
    </ClCompile>
    <ClCompile Include="2022\Day06_2022.cpp">
      <Filter>Source Files\2022</Filter>
    </ClCompile>
    <ClCompile Include="2022\Day07_2022.cpp">
      <Filter>Source Files\2022</Filter>
    </ClCompile>
    <ClCompile Include="2022\Day08_2022.cpp">
      <Filter>Source Files\2022</Filter>
    </ClCompile>
    <ClCompile Include="2022\Day09_2022.cpp">
      <Filter>Source Files\2022</Filter>
    </ClCompile>
    <ClCompile Include="2022\Day10_2022.cpp">
      <Filter>Source Files\2022</Filter>
    </ClCompile>
    <ClCompile Include="2022\Day11_2022.cpp">
      <Filter>Source Files\2022</Filter>
    </ClCompile>
    <ClCompile Include="2022\Day12_2022.cpp">
      <Filter>Source Files\2022</Filter>
    </ClCompile>
    <ClCompile Include="2022\Day13_2022.cpp">
      <Filter>Source Files\2022</Filter>
    </ClCompile>
    <ClCompile Include="Calender.cpp">
      <Filter>Source Files</Filter>
    </ClCompile>
    <ClCompile Include="2022\Day14_2022.cpp">
      <Filter>Source Files\2022</Filter>
    </ClCompile>
    <ClCompile Include="2022\Day15_2022.cpp">
      <Filter>Source Files\2022</Filter>
    </ClCompile>
    <ClCompile Include="2022\Day16_2022.cpp">
      <Filter>Source Files\2022</Filter>
    </ClCompile>
  </ItemGroup>
  <ItemGroup>
    <ClInclude Include="Day.h">
      <Filter>Header Files</Filter>
    </ClInclude>
    <ClInclude Include="InputExtractor.h">
      <Filter>Header Files</Filter>
    </ClInclude>
    <ClInclude Include="DayNone.h">
      <Filter>Header Files</Filter>
    </ClInclude>
    <ClInclude Include="RegularExpressions.h">
      <Filter>Header Files</Filter>
    </ClInclude>
    <ClInclude Include="2022\Day01_2022.h">
      <Filter>Header Files\2022</Filter>
    </ClInclude>
    <ClInclude Include="2022\Day02_2022.h">
      <Filter>Header Files\2022</Filter>
    </ClInclude>
    <ClInclude Include="2022\Day03_2022.h">
      <Filter>Header Files\2022</Filter>
    </ClInclude>
    <ClInclude Include="2022\Day04_2022.h">
      <Filter>Header Files\2022</Filter>
    </ClInclude>
    <ClInclude Include="2022\Day05_2022.h">
      <Filter>Header Files\2022</Filter>
    </ClInclude>
    <ClInclude Include="2022\Day06_2022.h">
      <Filter>Header Files\2022</Filter>
    </ClInclude>
    <ClInclude Include="2022\Day07_2022.h">
      <Filter>Header Files\2022</Filter>
    </ClInclude>
    <ClInclude Include="2022\Day08_2022.h">
      <Filter>Header Files\2022</Filter>
    </ClInclude>
    <ClInclude Include="2022\Day09_2022.h">
      <Filter>Header Files\2022</Filter>
    </ClInclude>
    <ClInclude Include="2022\Day10_2022.h">
      <Filter>Header Files\2022</Filter>
    </ClInclude>
    <ClInclude Include="2022\Day11_2022.h">
      <Filter>Header Files\2022</Filter>
    </ClInclude>
    <ClInclude Include="2022\Day12_2022.h">
      <Filter>Header Files\2022</Filter>
    </ClInclude>
    <ClInclude Include="2022\Day13_2022.h">
      <Filter>Header Files\2022</Filter>
    </ClInclude>
    <ClInclude Include="Calender.h">
      <Filter>Header Files</Filter>
    </ClInclude>
    <ClInclude Include="2022\Day14_2022.h">
      <Filter>Header Files\2022</Filter>
    </ClInclude>
    <ClInclude Include="2022\Day15_2022.h">
      <Filter>Header Files\2022</Filter>
    </ClInclude>
    <ClInclude Include="2022\Day16_2022.h">
      <Filter>Header Files\2022</Filter>
    </ClInclude>
  </ItemGroup>
  <ItemGroup>
    <Text Include="Input\2022\Day01_data.txt">
      <Filter>Input\2022</Filter>
    </Text>
    <Text Include="Input\2022\Day01_data_simple.txt">
      <Filter>Input\2022</Filter>
    </Text>
    <Text Include="Input\2022\Day02_data.txt">
      <Filter>Input\2022</Filter>
    </Text>
    <Text Include="Input\2022\Day02_data_simple.txt">
      <Filter>Input\2022</Filter>
    </Text>
    <Text Include="Input\2022\Day03_data.txt">
      <Filter>Input\2022</Filter>
    </Text>
    <Text Include="Input\2022\Day03_data_simple.txt">
      <Filter>Input\2022</Filter>
    </Text>
    <Text Include="Input\2022\Day04_data.txt">
      <Filter>Input\2022</Filter>
    </Text>
    <Text Include="Input\2022\Day04_data_simple.txt">
      <Filter>Input\2022</Filter>
    </Text>
    <Text Include="Input\2022\Day05_data.txt">
      <Filter>Input\2022</Filter>
    </Text>
    <Text Include="Input\2022\Day05_data_simple.txt">
      <Filter>Input\2022</Filter>
    </Text>
    <Text Include="Input\2022\Day06_data.txt">
      <Filter>Input\2022</Filter>
    </Text>
    <Text Include="Input\2022\Day06_data_simple.txt">
      <Filter>Input\2022</Filter>
    </Text>
    <Text Include="Input\2022\Day07_data.txt">
      <Filter>Input\2022</Filter>
    </Text>
    <Text Include="Input\2022\Day07_data_simple.txt">
      <Filter>Input\2022</Filter>
    </Text>
    <Text Include="Input\2022\Day08_data.txt">
      <Filter>Input\2022</Filter>
    </Text>
    <Text Include="Input\2022\Day08_data_simple.txt">
      <Filter>Input\2022</Filter>
    </Text>
    <Text Include="Input\2022\Day09_data.txt">
      <Filter>Input\2022</Filter>
    </Text>
    <Text Include="Input\2022\Day09_data_simple.txt">
      <Filter>Input\2022</Filter>
    </Text>
    <Text Include="Input\2022\Day10_data.txt">
      <Filter>Input\2022</Filter>
    </Text>
    <Text Include="Input\2022\Day10_data_simple.txt">
      <Filter>Input\2022</Filter>
    </Text>
    <Text Include="Input\2022\Day11_data.txt">
      <Filter>Input\2022</Filter>
    </Text>
    <Text Include="Input\2022\Day11_data_simple.txt">
      <Filter>Input\2022</Filter>
    </Text>
    <Text Include="Input\2022\Day12_data.txt">
      <Filter>Input\2022</Filter>
    </Text>
    <Text Include="Input\2022\Day12_data_simple.txt">
      <Filter>Input\2022</Filter>
    </Text>
    <Text Include="Input\2022\Day13_data.txt">
      <Filter>Input\2022</Filter>
    </Text>
    <Text Include="Input\2022\Day13_data_simple.txt">
      <Filter>Input\2022</Filter>
    </Text>
    <Text Include="Input\2022\Day14_data.txt">
      <Filter>Input\2022</Filter>
    </Text>
    <Text Include="Input\2022\Day14_data_simple.txt">
      <Filter>Input\2022</Filter>
    </Text>
    <Text Include="Input\2022\Day15_data.txt">
      <Filter>Input\2022</Filter>
    </Text>
    <Text Include="Input\2022\Day15_data_simple.txt">
      <Filter>Input\2022</Filter>
    </Text>
    <Text Include="Input\2022\Day16_data.txt">
      <Filter>Input\2022</Filter>
    </Text>
    <Text Include="Input\2022\Day16_data_simple.txt">
      <Filter>Input\2022</Filter>
    </Text>
  </ItemGroup>
</Project>